
Microsoft Visual Studio Solution File, Format Version 12.00
# Visual Studio Version 17
VisualStudioVersion = 17.0.31903.59
MinimumVisualStudioVersion = 10.0.40219.1
Project("{FAE04EC0-301F-11D3-BF4B-00C04F79EFBC}") = "ECommerceWeb.WebApi", "src\ECommerceWeb.WebApi\ECommerceWeb.WebApi.csproj", "{B37BB1FF-5DAF-19F1-313F-60F8F80E795F}"
EndProject
Project("{FAE04EC0-301F-11D3-BF4B-00C04F79EFBC}") = "ECommerceWeb.WebApp", "src\ECommerceWeb.WebApp\ECommerceWeb.WebApp.csproj", "{937C8D36-17B7-3BF5-E45B-B8DEE665E450}"
EndProject
Project("{FAE04EC0-301F-11D3-BF4B-00C04F79EFBC}") = "ECommerceWeb.Common", "src\ECommerceWeb.Common\ECommerceWeb.Common.csproj", "{5AE0B832-928D-45B4-8592-A52C50D8B722}"
EndProject
Global
	GlobalSection(SolutionConfigurationPlatforms) = preSolution
		Debug|Any CPU = Debug|Any CPU
		Release|Any CPU = Release|Any CPU
	EndGlobalSection
	GlobalSection(ProjectConfigurationPlatforms) = postSolution
		{B37BB1FF-5DAF-19F1-313F-60F8F80E795F}.Debug|Any CPU.ActiveCfg = Debug|Any CPU
		{B37BB1FF-5DAF-19F1-313F-60F8F80E795F}.Debug|Any CPU.Build.0 = Debug|Any CPU
		{B37BB1FF-5DAF-19F1-313F-60F8F80E795F}.Release|Any CPU.ActiveCfg = Release|Any CPU
		{B37BB1FF-5DAF-19F1-313F-60F8F80E795F}.Release|Any CPU.Build.0 = Release|Any CPU
		{937C8D36-17B7-3BF5-E45B-B8DEE665E450}.Debug|Any CPU.ActiveCfg = Debug|Any CPU
		{937C8D36-17B7-3BF5-E45B-B8DEE665E450}.Debug|Any CPU.Build.0 = Debug|Any CPU
		{937C8D36-17B7-3BF5-E45B-B8DEE665E450}.Release|Any CPU.ActiveCfg = Release|Any CPU
		{937C8D36-17B7-3BF5-E45B-B8DEE665E450}.Release|Any CPU.Build.0 = Release|Any CPU
		{5AE0B832-928D-45B4-8592-A52C50D8B722}.Debug|Any CPU.ActiveCfg = Debug|Any CPU
		{5AE0B832-928D-45B4-8592-A52C50D8B722}.Debug|Any CPU.Build.0 = Debug|Any CPU
		{5AE0B832-928D-45B4-8592-A52C50D8B722}.Release|Any CPU.ActiveCfg = Release|Any CPU
		{5AE0B832-928D-45B4-8592-A52C50D8B722}.Release|Any CPU.Build.0 = Release|Any CPU
	EndGlobalSection
	GlobalSection(SolutionProperties) = preSolution
		HideSolutionNode = FALSE
	EndGlobalSection
	GlobalSection(ExtensibilityGlobals) = postSolution
		SolutionGuid = {204A28F4-C8E0-4E9F-95DE-777D629011DC}
	EndGlobalSection
EndGlobal
